<?xml version="1.0" encoding="utf-8"?>
<Project ToolsVersion="4.0" xmlns="http://schemas.microsoft.com/developer/msbuild/2003">
  <ItemGroup>
    <Filter Include="Controllers">
      <UniqueIdentifier>{ae23ed28-8a6f-477f-b6dd-63f07bba1fa2}</UniqueIdentifier>
    </Filter>
    <Filter Include="Core">
      <UniqueIdentifier>{019f9231-f3a2-438a-8a72-e110d5bdeebc}</UniqueIdentifier>
    </Filter>
    <Filter Include="Modules">
      <UniqueIdentifier>{da906698-5b28-4fe4-a635-04a39a25a32e}</UniqueIdentifier>
    </Filter>
    <Filter Include="Helpers">
      <UniqueIdentifier>{fe70d537-aa0d-4c05-b773-cfbc872d14a0}</UniqueIdentifier>
    </Filter>
    <Filter Include="Framework">
      <UniqueIdentifier>{a28ed084-7ddc-499e-bcdf-3c9808a56ff9}</UniqueIdentifier>
    </Filter>
    <Filter Include="Resource Files">
      <UniqueIdentifier>{54539050-daf1-4b66-a703-58fd2501be67}</UniqueIdentifier>
    </Filter>
    <Filter Include="Shader Files">
      <UniqueIdentifier>{67DA6AB6-F800-4c08-8B7A-83BB121AAD01}</UniqueIdentifier>
      <Extensions>rc;ico;cur;bmp;dlg;rc2;rct;bin;rgs;gif;jpg;jpeg;jpe;resx;tiff;tif;png;wav;mfcribbon-ms</Extensions>
    </Filter>
    <Filter Include="Modules\ArUco">
      <UniqueIdentifier>{c4d477ca-565d-4312-9114-3b661f031eb7}</UniqueIdentifier>
    </Filter>
    <Filter Include="Modules\Virtual camera">
      <UniqueIdentifier>{b18116a2-4bbc-4e09-bd95-cd2f47b95ff5}</UniqueIdentifier>
    </Filter>
    <Filter Include="Modules\IDSPeak">
      <UniqueIdentifier>{6f9ae55a-a510-426b-b571-e9dbfab69209}</UniqueIdentifier>
    </Filter>
  </ItemGroup>
  <ItemGroup>
    <ClCompile Include="RTCounter.cpp">
      <Filter>Helpers</Filter>
    </ClCompile>
    <ClCompile Include="aruco\ArucoProcessor.cpp">
      <Filter>Modules\ArUco</Filter>
    </ClCompile>
    <ClCompile Include="camera.cpp">
      <Filter>Modules\Virtual camera</Filter>
    </ClCompile>
    <ClCompile Include="geometryData.cpp">
      <Filter>Resource Files</Filter>
    </ClCompile>
    <ClCompile Include="geometryObject.cpp">
      <Filter>Controllers</Filter>
    </ClCompile>
    <ClCompile Include="stb_image_implementation.cpp">
      <Filter>Framework</Filter>
    </ClCompile>
    <ClCompile Include="glad.c">
      <Filter>Framework</Filter>
    </ClCompile>
    <ClCompile Include="Main.cpp">
      <Filter>Core</Filter>
    </ClCompile>
    <ClCompile Include="GWindow.cpp">
      <Filter>Core</Filter>
    </ClCompile>
    <ClCompile Include="shader.cpp">
      <Filter>Controllers</Filter>
    </ClCompile>
    <ClCompile Include="appState.cpp">
      <Filter>Helpers</Filter>
    </ClCompile>
    <ClCompile Include="config.cpp">
      <Filter>Resource Files</Filter>
    </ClCompile>
    <ClCompile Include="GLObject.cpp">
      <Filter>Controllers</Filter>
    </ClCompile>
    <ClCompile Include="MonitorsManager.cpp">
      <Filter>Controllers</Filter>
    </ClCompile>
    <ClCompile Include="AcquisitionWorkerOld.cpp">
      <Filter>Controllers</Filter>
    </ClCompile>
    <ClCompile Include="peakInitializer.cpp">
      <Filter>Helpers</Filter>
    </ClCompile>
    <ClCompile Include="IDSPeak.cpp">
      <Filter>Modules\IDSPeak</Filter>
    </ClCompile>
    <ClCompile Include="acquisitionworker.cpp">
      <Filter>Modules\IDSPeak</Filter>
    </ClCompile>
    <ClCompile Include="autofeatures.cpp">
      <Filter>Modules\IDSPeak</Filter>
    </ClCompile>
    <ClCompile Include="device.cpp">
      <Filter>Modules\IDSPeak</Filter>
    </ClCompile>
    <ClCompile Include="ThreadSafeQueue.cpp">
      <Filter>Framework</Filter>
    </ClCompile>
    <ClCompile Include="ThreadSafeValue.cpp">
      <Filter>Framework</Filter>
    </ClCompile>
    <ClCompile Include="ArucoThreadWrapper.cpp">
      <Filter>Modules\ArUco</Filter>
    </ClCompile>
  </ItemGroup>
  <ItemGroup>
    <ClInclude Include="appState.h">
      <Filter>Helpers</Filter>
    </ClInclude>
    <ClInclude Include="RTCounter.h">
      <Filter>Helpers</Filter>
    </ClInclude>
    <ClInclude Include="aruco\aruco_utilities.hpp">
      <Filter>Modules\ArUco</Filter>
    </ClInclude>
    <ClInclude Include="aruco\ArucoProcessor.h">
      <Filter>Modules\ArUco</Filter>
    </ClInclude>
    <ClInclude Include="camera.h">
      <Filter>Modules\Virtual camera</Filter>
    </ClInclude>
    <ClInclude Include="geometryData.h">
      <Filter>Resource Files</Filter>
    </ClInclude>
    <ClInclude Include="geometryObject.h">
      <Filter>Controllers</Filter>
    </ClInclude>
    <ClInclude Include="stb_image.h">
      <Filter>Framework</Filter>
    </ClInclude>
    <ClInclude Include="GWindow.h">
      <Filter>Core</Filter>
    </ClInclude>
    <ClInclude Include="shader.h">
      <Filter>Controllers</Filter>
    </ClInclude>
    <ClInclude Include="config.h">
      <Filter>Resource Files</Filter>
    </ClInclude>
    <ClInclude Include="GLObject.h">
      <Filter>Controllers</Filter>
    </ClInclude>
    <ClInclude Include="MonitorsManager.h">
      <Filter>Controllers</Filter>
    </ClInclude>
    <ClInclude Include="AcquisitionWorkerOld.h">
      <Filter>Controllers</Filter>
    </ClInclude>
    <ClInclude Include="peakInitializer.h">
      <Filter>Helpers</Filter>
    </ClInclude>
    <ClInclude Include="IDSPeak.h">
      <Filter>Modules\IDSPeak</Filter>
    </ClInclude>
    <ClInclude Include="acquisitionworker.h">
      <Filter>Modules\IDSPeak</Filter>
    </ClInclude>
    <ClInclude Include="autofeatures.h">
      <Filter>Modules\IDSPeak</Filter>
    </ClInclude>
    <ClInclude Include="device.h">
      <Filter>Modules\IDSPeak</Filter>
    </ClInclude>
    <ClInclude Include="ThreadSafeQueue.h">
      <Filter>Framework</Filter>
    </ClInclude>
    <ClInclude Include="ThreadSafeValue.h">
      <Filter>Framework</Filter>
    </ClInclude>
    <ClInclude Include="ArucoThreadWrapper.h">
      <Filter>Modules\ArUco</Filter>
    </ClInclude>
  </ItemGroup>
  <ItemGroup>
    <Text Include="shader.fs">
      <Filter>Shader Files</Filter>
    </Text>
    <Text Include="shaderObj.vs">
      <Filter>Shader Files</Filter>
    </Text>
  </ItemGroup>
  <ItemGroup>
    <None Include="shaderBgr.vs">
      <Filter>Shader Files</Filter>
    </None>
  </ItemGroup>
</Project>